<?xml version="1.0" encoding="utf-8"?>
<!-- Cosmetic Solution Explorer grouping for the demo project. -->
<Project ToolsVersion="4.0" xmlns="http://schemas.microsoft.com/developer/msbuild/2003">
  <ItemGroup>
    <Filter Include="Source Files">
      <UniqueIdentifier>{a1111111-1111-1111-1111-111111111111}</UniqueIdentifier>
    </Filter>
    <Filter Include="CUDA Files">
      <UniqueIdentifier>{a2222222-2222-2222-2222-222222222222}</UniqueIdentifier>
    </Filter>
    <Filter Include="Header Files">
      <UniqueIdentifier>{a3333333-3333-3333-3333-333333333333}</UniqueIdentifier>
    </Filter>
  </ItemGroup>
  <ItemGroup>
    <CudaCompile Include="..\src\sha256_gpu.cu">
      <Filter>CUDA Files</Filter>
    </CudaCompile>
    <CudaCompile Include="..\src\sha3_gpu.cu">
      <Filter>CUDA Files</Filter>
    </CudaCompile>
    <ClCompile Include="..\src\sha_cpu_reference.cpp">
      <Filter>Source Files</Filter>
    </ClCompile>
    <ClCompile Include="..\demo\demo.cpp">
      <Filter>Source Files</Filter>
    </ClCompile>
    <ClInclude Include="..\include\sha256.h">
      <Filter>Header Files</Filter>
    </ClInclude>
    <ClInclude Include="..\include\sha3.h">
      <Filter>Header Files</Filter>
    </ClInclude>
    <ClInclude Include="..\include\sha_common.h">
      <Filter>Header Files</Filter>
    </ClInclude>
    <ClInclude Include="..\include\sha_cpu_reference.h">
      <Filter>Header Files</Filter>
    </ClInclude>
    <ClInclude Include="..\include\sha_cuda.cuh">
      <Filter>Header Files</Filter>
    </ClInclude>
  </ItemGroup>
</Project>
