<?xml version="1.0" encoding="utf-8"?>
<!-- Cosmetic Solution Explorer grouping for the test project. -->
<Project ToolsVersion="4.0" xmlns="http://schemas.microsoft.com/developer/msbuild/2003">
  <ItemGroup>
    <Filter Include="Source Files">
      <UniqueIdentifier>{b4444444-4444-4444-4444-444444444444}</UniqueIdentifier>
    </Filter>
    <Filter Include="CUDA Files">
      <UniqueIdentifier>{b5555555-5555-5555-5555-555555555555}</UniqueIdentifier>
    </Filter>
    <Filter Include="Header Files">
      <UniqueIdentifier>{b6666666-6666-6666-6666-666666666666}</UniqueIdentifier>
    </Filter>
  </ItemGroup>
  <ItemGroup>
    <CudaCompile Include="..\src\sha256_gpu.cu">
      <Filter>CUDA Files</Filter>
    </CudaCompile>
    <CudaCompile Include="..\src\sha3_gpu.cu">
      <Filter>CUDA Files</Filter>
    </CudaCompile>
    <ClCompile Include="..\src\sha_cpu_reference.cpp">
      <Filter>Source Files</Filter>
    </ClCompile>
    <ClCompile Include="..\tests\test_vectors.cpp">
      <Filter>Source Files</Filter>
    </ClCompile>
    <ClInclude Include="..\include\sha256.h">
      <Filter>Header Files</Filter>
    </ClInclude>
    <ClInclude Include="..\include\sha3.h">
      <Filter>Header Files</Filter>
    </ClInclude>
    <ClInclude Include="..\include\sha_common.h">
      <Filter>Header Files</Filter>
    </ClInclude>
    <ClInclude Include="..\include\sha_cpu_reference.h">
      <Filter>Header Files</Filter>
    </ClInclude>
    <ClInclude Include="..\include\sha_cuda.cuh">
      <Filter>Header Files</Filter>
    </ClInclude>
  </ItemGroup>
</Project>
